
Microsoft Visual Studio Solution File, Format Version 12.00
Project("{FAE04EC0-301F-11D3-BF4B-00C04F79EFBC}") = "ClientCshaper", "ClientCshaper\ClientCshaper.csproj", "{719A6D9E-8E4E-46A2-9E87-12A8D9E6E315}"
EndProject
Global
	GlobalSection(SolutionConfigurationPlatforms) = preSolution
		Debug|Any CPU = Debug|Any CPU
		Release|Any CPU = Release|Any CPU
	EndGlobalSection
	GlobalSection(ProjectConfigurationPlatforms) = postSolution
		{719A6D9E-8E4E-46A2-9E87-12A8D9E6E315}.Debug|Any CPU.ActiveCfg = Debug|Any CPU
		{719A6D9E-8E4E-46A2-9E87-12A8D9E6E315}.Debug|Any CPU.Build.0 = Debug|Any CPU
		{719A6D9E-8E4E-46A2-9E87-12A8D9E6E315}.Release|Any CPU.ActiveCfg = Release|Any CPU
		{719A6D9E-8E4E-46A2-9E87-12A8D9E6E315}.Release|Any CPU.Build.0 = Release|Any CPU
	EndGlobalSection
EndGlobal
